
Microsoft Visual Studio Solution File, Format Version 12.00
# Visual Studio Version 18
VisualStudioVersion = 18.7.11919.86 stable
MinimumVisualStudioVersion = 10.0.40219.1
Project("{2150E333-8FDC-42A3-9474-1A3956D46DE8}") = "src", "src", "{3C4B13E8-E1E7-4A03-B8F0-96A0DFB6775E}"
EndProject
Project("{9A19103F-16F7-4668-BE54-9A1E7A4F7556}") = "ManagerUser.Api", "src\ManagerUser.Api\ManagerUser.Api.csproj", "{D98523BA-CEAD-4E81-AFDA-4983EF254094}"
EndProject
Project("{9A19103F-16F7-4668-BE54-9A1E7A4F7556}") = "ManagerUser.Application", "src\ManagerUser.Application\ManagerUser.Application.csproj", "{A3657F85-8E89-476E-8BC3-1E8B2394A764}"
EndProject
Project("{9A19103F-16F7-4668-BE54-9A1E7A4F7556}") = "ManagerUser.Domain", "src\ManagerUser.Domain\ManagerUser.Domain.csproj", "{5D9FB310-23B0-4DA0-8AFA-C3006EA55927}"
EndProject
Project("{9A19103F-16F7-4668-BE54-9A1E7A4F7556}") = "ManagerUser.Infrastructure", "src\ManagerUser.Infrastructure\ManagerUser.Infrastructure.csproj", "{CA91A0C9-93AB-4DFB-AD58-841CE8D5BCEF}"
EndProject
Project("{9A19103F-16F7-4668-BE54-9A1E7A4F7556}") = "ManagerUser.Worker", "src\ManagerUser.Worker\ManagerUser.Worker.csproj", "{5C33961F-C947-42AE-828A-B71501AEA347}"
EndProject
Project("{9A19103F-16F7-4668-BE54-9A1E7A4F7556}") = "ManagerUser.Contracts", "src\ManagerUser.Contracts\ManagerUser.Contracts.csproj", "{F24A0618-D454-4000-9860-3635D94972B9}"
EndProject
Project("{2150E333-8FDC-42A3-9474-1A3956D46DE8}") = "tests", "tests", "{3B44858F-477F-444B-89A2-2ACB4D69FF22}"
EndProject
Project("{9A19103F-16F7-4668-BE54-9A1E7A4F7556}") = "ManagerUser.Tests", "tests\ManagerUser.Tests\ManagerUser.Tests.csproj", "{5720C854-7A8D-4D38-8C27-0AB717E705A0}"
EndProject
Project("{2150E333-8FDC-42A3-9474-1A3956D46DE8}") = "database", "database", "{085FEEC9-E050-414B-A617-1FB1BE78F693}"
EndProject
Project("{2150E333-8FDC-42A3-9474-1A3956D46DE8}") = "docs", "docs", "{9889D65A-B520-4AB4-90BE-6A530FEEB696}"
	ProjectSection(SolutionItems) = preProject
		README.md = README.md
	EndProjectSection
EndProject
Project("{2150E333-8FDC-42A3-9474-1A3956D46DE8}") = "procedures", "procedures", "{62708B5E-C04D-4F23-B7A9-C6AC8C8318C8}"
	ProjectSection(SolutionItems) = preProject
		OutboxMessage_ClaimPending.sql = OutboxMessage_ClaimPending.sql
		OutboxMessage_MarkFailed.sql = OutboxMessage_MarkFailed.sql
		OutboxMessage_MarkProcessed.sql = OutboxMessage_MarkProcessed.sql
		OutboxMessage_SeedSamples.sql = OutboxMessage_SeedSamples.sql
		database\procedures\User_ChangeStatus.sql = database\procedures\User_ChangeStatus.sql
		database\procedures\User_Create.sql = database\procedures\User_Create.sql
		database\procedures\User_Delete.sql = database\procedures\User_Delete.sql
		database\procedures\User_ExistsByEmail.sql = database\procedures\User_ExistsByEmail.sql
		database\procedures\User_ExistsById.sql = database\procedures\User_ExistsById.sql
		database\procedures\User_ExistsByUsername.sql = database\procedures\User_ExistsByUsername.sql
		database\procedures\User_GetById.sql = database\procedures\User_GetById.sql
		database\procedures\User_GetList.sql = database\procedures\User_GetList.sql
		database\procedures\User_Update.sql = database\procedures\User_Update.sql
	EndProjectSection
EndProject
Project("{2150E333-8FDC-42A3-9474-1A3956D46DE8}") = "tables", "tables", "{D802C15B-ED4C-4761-BA7B-3027293FA38C}"
	ProjectSection(SolutionItems) = preProject
		OutboxMessages.sql = OutboxMessages.sql
		database\tables\Users.sql = database\tables\Users.sql
	EndProjectSection
EndProject
Global
	GlobalSection(SolutionConfigurationPlatforms) = preSolution
		Debug|Any CPU = Debug|Any CPU
		Debug|x64 = Debug|x64
		Debug|x86 = Debug|x86
		Release|Any CPU = Release|Any CPU
		Release|x64 = Release|x64
		Release|x86 = Release|x86
	EndGlobalSection
	GlobalSection(ProjectConfigurationPlatforms) = postSolution
		{D98523BA-CEAD-4E81-AFDA-4983EF254094}.Debug|Any CPU.ActiveCfg = Debug|Any CPU
		{D98523BA-CEAD-4E81-AFDA-4983EF254094}.Debug|Any CPU.Build.0 = Debug|Any CPU
		{D98523BA-CEAD-4E81-AFDA-4983EF254094}.Debug|x64.ActiveCfg = Debug|Any CPU
		{D98523BA-CEAD-4E81-AFDA-4983EF254094}.Debug|x64.Build.0 = Debug|Any CPU
		{D98523BA-CEAD-4E81-AFDA-4983EF254094}.Debug|x86.ActiveCfg = Debug|Any CPU
		{D98523BA-CEAD-4E81-AFDA-4983EF254094}.Debug|x86.Build.0 = Debug|Any CPU
		{D98523BA-CEAD-4E81-AFDA-4983EF254094}.Release|Any CPU.ActiveCfg = Release|Any CPU
		{D98523BA-CEAD-4E81-AFDA-4983EF254094}.Release|Any CPU.Build.0 = Release|Any CPU
		{D98523BA-CEAD-4E81-AFDA-4983EF254094}.Release|x64.ActiveCfg = Release|Any CPU
		{D98523BA-CEAD-4E81-AFDA-4983EF254094}.Release|x64.Build.0 = Release|Any CPU
		{D98523BA-CEAD-4E81-AFDA-4983EF254094}.Release|x86.ActiveCfg = Release|Any CPU
		{D98523BA-CEAD-4E81-AFDA-4983EF254094}.Release|x86.Build.0 = Release|Any CPU
		{A3657F85-8E89-476E-8BC3-1E8B2394A764}.Debug|Any CPU.ActiveCfg = Debug|Any CPU
		{A3657F85-8E89-476E-8BC3-1E8B2394A764}.Debug|Any CPU.Build.0 = Debug|Any CPU
		{A3657F85-8E89-476E-8BC3-1E8B2394A764}.Debug|x64.ActiveCfg = Debug|Any CPU
		{A3657F85-8E89-476E-8BC3-1E8B2394A764}.Debug|x64.Build.0 = Debug|Any CPU
		{A3657F85-8E89-476E-8BC3-1E8B2394A764}.Debug|x86.ActiveCfg = Debug|Any CPU
		{A3657F85-8E89-476E-8BC3-1E8B2394A764}.Debug|x86.Build.0 = Debug|Any CPU
		{A3657F85-8E89-476E-8BC3-1E8B2394A764}.Release|Any CPU.ActiveCfg = Release|Any CPU
		{A3657F85-8E89-476E-8BC3-1E8B2394A764}.Release|Any CPU.Build.0 = Release|Any CPU
		{A3657F85-8E89-476E-8BC3-1E8B2394A764}.Release|x64.ActiveCfg = Release|Any CPU
		{A3657F85-8E89-476E-8BC3-1E8B2394A764}.Release|x64.Build.0 = Release|Any CPU
		{A3657F85-8E89-476E-8BC3-1E8B2394A764}.Release|x86.ActiveCfg = Release|Any CPU
		{A3657F85-8E89-476E-8BC3-1E8B2394A764}.Release|x86.Build.0 = Release|Any CPU
		{5D9FB310-23B0-4DA0-8AFA-C3006EA55927}.Debug|Any CPU.ActiveCfg = Debug|Any CPU
		{5D9FB310-23B0-4DA0-8AFA-C3006EA55927}.Debug|Any CPU.Build.0 = Debug|Any CPU
		{5D9FB310-23B0-4DA0-8AFA-C3006EA55927}.Debug|x64.ActiveCfg = Debug|Any CPU
		{5D9FB310-23B0-4DA0-8AFA-C3006EA55927}.Debug|x64.Build.0 = Debug|Any CPU
		{5D9FB310-23B0-4DA0-8AFA-C3006EA55927}.Debug|x86.ActiveCfg = Debug|Any CPU
		{5D9FB310-23B0-4DA0-8AFA-C3006EA55927}.Debug|x86.Build.0 = Debug|Any CPU
		{5D9FB310-23B0-4DA0-8AFA-C3006EA55927}.Release|Any CPU.ActiveCfg = Release|Any CPU
		{5D9FB310-23B0-4DA0-8AFA-C3006EA55927}.Release|Any CPU.Build.0 = Release|Any CPU
		{5D9FB310-23B0-4DA0-8AFA-C3006EA55927}.Release|x64.ActiveCfg = Release|Any CPU
		{5D9FB310-23B0-4DA0-8AFA-C3006EA55927}.Release|x64.Build.0 = Release|Any CPU
		{5D9FB310-23B0-4DA0-8AFA-C3006EA55927}.Release|x86.ActiveCfg = Release|Any CPU
		{5D9FB310-23B0-4DA0-8AFA-C3006EA55927}.Release|x86.Build.0 = Release|Any CPU
		{CA91A0C9-93AB-4DFB-AD58-841CE8D5BCEF}.Debug|Any CPU.ActiveCfg = Debug|Any CPU
		{CA91A0C9-93AB-4DFB-AD58-841CE8D5BCEF}.Debug|Any CPU.Build.0 = Debug|Any CPU
		{CA91A0C9-93AB-4DFB-AD58-841CE8D5BCEF}.Debug|x64.ActiveCfg = Debug|Any CPU
		{CA91A0C9-93AB-4DFB-AD58-841CE8D5BCEF}.Debug|x64.Build.0 = Debug|Any CPU
		{CA91A0C9-93AB-4DFB-AD58-841CE8D5BCEF}.Debug|x86.ActiveCfg = Debug|Any CPU
		{CA91A0C9-93AB-4DFB-AD58-841CE8D5BCEF}.Debug|x86.Build.0 = Debug|Any CPU
		{CA91A0C9-93AB-4DFB-AD58-841CE8D5BCEF}.Release|Any CPU.ActiveCfg = Release|Any CPU
		{CA91A0C9-93AB-4DFB-AD58-841CE8D5BCEF}.Release|Any CPU.Build.0 = Release|Any CPU
		{CA91A0C9-93AB-4DFB-AD58-841CE8D5BCEF}.Release|x64.ActiveCfg = Release|Any CPU
		{CA91A0C9-93AB-4DFB-AD58-841CE8D5BCEF}.Release|x64.Build.0 = Release|Any CPU
		{CA91A0C9-93AB-4DFB-AD58-841CE8D5BCEF}.Release|x86.ActiveCfg = Release|Any CPU
		{CA91A0C9-93AB-4DFB-AD58-841CE8D5BCEF}.Release|x86.Build.0 = Release|Any CPU
		{5C33961F-C947-42AE-828A-B71501AEA347}.Debug|Any CPU.ActiveCfg = Debug|Any CPU
		{5C33961F-C947-42AE-828A-B71501AEA347}.Debug|Any CPU.Build.0 = Debug|Any CPU
		{5C33961F-C947-42AE-828A-B71501AEA347}.Debug|x64.ActiveCfg = Debug|Any CPU
		{5C33961F-C947-42AE-828A-B71501AEA347}.Debug|x64.Build.0 = Debug|Any CPU
		{5C33961F-C947-42AE-828A-B71501AEA347}.Debug|x86.ActiveCfg = Debug|Any CPU
		{5C33961F-C947-42AE-828A-B71501AEA347}.Debug|x86.Build.0 = Debug|Any CPU
		{5C33961F-C947-42AE-828A-B71501AEA347}.Release|Any CPU.ActiveCfg = Release|Any CPU
		{5C33961F-C947-42AE-828A-B71501AEA347}.Release|Any CPU.Build.0 = Release|Any CPU
		{5C33961F-C947-42AE-828A-B71501AEA347}.Release|x64.ActiveCfg = Release|Any CPU
		{5C33961F-C947-42AE-828A-B71501AEA347}.Release|x64.Build.0 = Release|Any CPU
		{5C33961F-C947-42AE-828A-B71501AEA347}.Release|x86.ActiveCfg = Release|Any CPU
		{5C33961F-C947-42AE-828A-B71501AEA347}.Release|x86.Build.0 = Release|Any CPU
		{F24A0618-D454-4000-9860-3635D94972B9}.Debug|Any CPU.ActiveCfg = Debug|Any CPU
		{F24A0618-D454-4000-9860-3635D94972B9}.Debug|Any CPU.Build.0 = Debug|Any CPU
		{F24A0618-D454-4000-9860-3635D94972B9}.Debug|x64.ActiveCfg = Debug|Any CPU
		{F24A0618-D454-4000-9860-3635D94972B9}.Debug|x64.Build.0 = Debug|Any CPU
		{F24A0618-D454-4000-9860-3635D94972B9}.Debug|x86.ActiveCfg = Debug|Any CPU
		{F24A0618-D454-4000-9860-3635D94972B9}.Debug|x86.Build.0 = Debug|Any CPU
		{F24A0618-D454-4000-9860-3635D94972B9}.Release|Any CPU.ActiveCfg = Release|Any CPU
		{F24A0618-D454-4000-9860-3635D94972B9}.Release|Any CPU.Build.0 = Release|Any CPU
		{F24A0618-D454-4000-9860-3635D94972B9}.Release|x64.ActiveCfg = Release|Any CPU
		{F24A0618-D454-4000-9860-3635D94972B9}.Release|x64.Build.0 = Release|Any CPU
		{F24A0618-D454-4000-9860-3635D94972B9}.Release|x86.ActiveCfg = Release|Any CPU
		{F24A0618-D454-4000-9860-3635D94972B9}.Release|x86.Build.0 = Release|Any CPU
		{5720C854-7A8D-4D38-8C27-0AB717E705A0}.Debug|Any CPU.ActiveCfg = Debug|Any CPU
		{5720C854-7A8D-4D38-8C27-0AB717E705A0}.Debug|Any CPU.Build.0 = Debug|Any CPU
		{5720C854-7A8D-4D38-8C27-0AB717E705A0}.Debug|x64.ActiveCfg = Debug|Any CPU
		{5720C854-7A8D-4D38-8C27-0AB717E705A0}.Debug|x64.Build.0 = Debug|Any CPU
		{5720C854-7A8D-4D38-8C27-0AB717E705A0}.Debug|x86.ActiveCfg = Debug|Any CPU
		{5720C854-7A8D-4D38-8C27-0AB717E705A0}.Debug|x86.Build.0 = Debug|Any CPU
		{5720C854-7A8D-4D38-8C27-0AB717E705A0}.Release|Any CPU.ActiveCfg = Release|Any CPU
		{5720C854-7A8D-4D38-8C27-0AB717E705A0}.Release|Any CPU.Build.0 = Release|Any CPU
		{5720C854-7A8D-4D38-8C27-0AB717E705A0}.Release|x64.ActiveCfg = Release|Any CPU
		{5720C854-7A8D-4D38-8C27-0AB717E705A0}.Release|x64.Build.0 = Release|Any CPU
		{5720C854-7A8D-4D38-8C27-0AB717E705A0}.Release|x86.ActiveCfg = Release|Any CPU
		{5720C854-7A8D-4D38-8C27-0AB717E705A0}.Release|x86.Build.0 = Release|Any CPU
	EndGlobalSection
	GlobalSection(SolutionProperties) = preSolution
		HideSolutionNode = FALSE
	EndGlobalSection
	GlobalSection(NestedProjects) = preSolution
		{D98523BA-CEAD-4E81-AFDA-4983EF254094} = {3C4B13E8-E1E7-4A03-B8F0-96A0DFB6775E}
		{A3657F85-8E89-476E-8BC3-1E8B2394A764} = {3C4B13E8-E1E7-4A03-B8F0-96A0DFB6775E}
		{5D9FB310-23B0-4DA0-8AFA-C3006EA55927} = {3C4B13E8-E1E7-4A03-B8F0-96A0DFB6775E}
		{CA91A0C9-93AB-4DFB-AD58-841CE8D5BCEF} = {3C4B13E8-E1E7-4A03-B8F0-96A0DFB6775E}
		{5C33961F-C947-42AE-828A-B71501AEA347} = {3C4B13E8-E1E7-4A03-B8F0-96A0DFB6775E}
		{F24A0618-D454-4000-9860-3635D94972B9} = {3C4B13E8-E1E7-4A03-B8F0-96A0DFB6775E}
		{5720C854-7A8D-4D38-8C27-0AB717E705A0} = {3B44858F-477F-444B-89A2-2ACB4D69FF22}
		{62708B5E-C04D-4F23-B7A9-C6AC8C8318C8} = {085FEEC9-E050-414B-A617-1FB1BE78F693}
		{D802C15B-ED4C-4761-BA7B-3027293FA38C} = {085FEEC9-E050-414B-A617-1FB1BE78F693}
	EndGlobalSection
	GlobalSection(ExtensibilityGlobals) = postSolution
		SolutionGuid = {14547DC4-5502-4B61-89E9-CCB5E6629E87}
	EndGlobalSection
EndGlobal
